
Microsoft Visual Studio Solution File, Format Version 12.00
# Visual Studio Version 17
VisualStudioVersion = 17.5.33627.172
MinimumVisualStudioVersion = 10.0.40219.1
Project("{9A19103F-16F7-4668-BE54-9A1E7A4F7556}") = "DTL23_API", "DTL23_API\DTL23_API.csproj", "{3D0928D1-79EE-4D24-8CC8-26996C44075D}"
EndProject
Project("{2150E333-8FDC-42A3-9474-1A3956D46DE8}") = "Solution Items", "Solution Items", "{58CDE807-5E38-444F-9A92-FAF94A54D7D9}"
	ProjectSection(SolutionItems) = preProject
		.editorconfig = .editorconfig
	EndProjectSection
EndProject
Global
	GlobalSection(SolutionConfigurationPlatforms) = preSolution
		Debug|Any CPU = Debug|Any CPU
		Release|Any CPU = Release|Any CPU
	EndGlobalSection
	GlobalSection(ProjectConfigurationPlatforms) = postSolution
		{3D0928D1-79EE-4D24-8CC8-26996C44075D}.Debug|Any CPU.ActiveCfg = Debug|Any CPU
		{3D0928D1-79EE-4D24-8CC8-26996C44075D}.Debug|Any CPU.Build.0 = Debug|Any CPU
		{3D0928D1-79EE-4D24-8CC8-26996C44075D}.Release|Any CPU.ActiveCfg = Release|Any CPU
		{3D0928D1-79EE-4D24-8CC8-26996C44075D}.Release|Any CPU.Build.0 = Release|Any CPU
	EndGlobalSection
	GlobalSection(SolutionProperties) = preSolution
		HideSolutionNode = FALSE
	EndGlobalSection
	GlobalSection(ExtensibilityGlobals) = postSolution
		SolutionGuid = {D8FCE139-3AB7-43CE-85CC-4A7F43080726}
	EndGlobalSection
EndGlobal
